{
  "lib/ethereum-vault-connector": {
    "rev": "a7d3c29ef7e4964736e47675e0588630d6afbfd7"
  },
  "lib/euler-earn": {
    "rev": "b2fd6e699ee20bcfe7459f375b3cee5d2fa53345"
  },
  "lib/euler-interfaces": {
    "rev": "bafec0bb55185af2e0759a724468eed1e04c767e"
  },
  "lib/euler-vault-kit": {
    "rev": "5b98b42048ba11ae82fb62dfec06d1010c8e41e6"
  },
  "lib/forge-std": {
    "rev": "1801b0541f4fda118a10798fd3486bb7051c5dd6"
  },
  "lib/morpho-blue": {
    "tag": {
      "name": "v1.0.0",
      "rev": "55d2d99304fb3fb930c688462ae2ccabb1d533ad"
    }
  },
  "lib/openzeppelin-contracts": {
    "rev": "fcbae5394ae8ad52d8e580a3477db99814b9d565"
  },
  "lib/openzeppelin-contracts-upgradeable": {
    "rev": "50088be3cd188164e83a4e5f0e0b3c27f3728eba"
  }
}
